
Microsoft Visual Studio Solution File, Format Version 12.00
# Visual Studio Version 17
VisualStudioVersion = 17.8.34330.188
MinimumVisualStudioVersion = 10.0.40219.1
Project("{FAE04EC0-301F-11D3-BF4B-00C04F79EFBC}") = "Domain.Common", "Domain\Domain.Common\Domain.Common.csproj", "{D1072C43-68B0-4EEE-8EDB-D58E0A02240F}"
EndProject
Project("{2150E333-8FDC-42A3-9474-1A3956D46DE8}") = "Clients", "Clients", "{24712C38-AFEC-4170-A031-07E83E906168}"
EndProject
Project("{2150E333-8FDC-42A3-9474-1A3956D46DE8}") = "Domain", "Domain", "{C1FCCA11-AB3F-4162-BE26-E82040196094}"
EndProject
Project("{2150E333-8FDC-42A3-9474-1A3956D46DE8}") = "MicroServices", "MicroServices", "{85B0C6AC-125C-4E09-8600-284067BC95DD}"
EndProject
Project("{2150E333-8FDC-42A3-9474-1A3956D46DE8}") = "APIs", "APIs", "{7D189773-7BDB-4E82-B5A8-2B389F17EF4D}"
EndProject
Project("{2150E333-8FDC-42A3-9474-1A3956D46DE8}") = "Gateways", "Gateways", "{A4E9C157-2FBF-4C61-B605-964C9FD23EE8}"
EndProject
Project("{2150E333-8FDC-42A3-9474-1A3956D46DE8}") = "User", "User", "{182C5C80-30B4-4F80-AF1A-A2690B79EAF2}"
EndProject
Project("{2150E333-8FDC-42A3-9474-1A3956D46DE8}") = "Order", "Order", "{AF0F2FCB-2E1E-443E-A48B-9D95EDE28420}"
EndProject
Project("{2150E333-8FDC-42A3-9474-1A3956D46DE8}") = "Product", "Product", "{7DF0DF77-73D8-4DAB-A8ED-4ED628EB0AAC}"
EndProject
Global
	GlobalSection(SolutionConfigurationPlatforms) = preSolution
		Debug|Any CPU = Debug|Any CPU
		Release|Any CPU = Release|Any CPU
	EndGlobalSection
	GlobalSection(ProjectConfigurationPlatforms) = postSolution
		{D1072C43-68B0-4EEE-8EDB-D58E0A02240F}.Debug|Any CPU.ActiveCfg = Debug|Any CPU
		{D1072C43-68B0-4EEE-8EDB-D58E0A02240F}.Debug|Any CPU.Build.0 = Debug|Any CPU
		{D1072C43-68B0-4EEE-8EDB-D58E0A02240F}.Release|Any CPU.ActiveCfg = Release|Any CPU
		{D1072C43-68B0-4EEE-8EDB-D58E0A02240F}.Release|Any CPU.Build.0 = Release|Any CPU
	EndGlobalSection
	GlobalSection(SolutionProperties) = preSolution
		HideSolutionNode = FALSE
	EndGlobalSection
	GlobalSection(NestedProjects) = preSolution
		{D1072C43-68B0-4EEE-8EDB-D58E0A02240F} = {C1FCCA11-AB3F-4162-BE26-E82040196094}
		{7D189773-7BDB-4E82-B5A8-2B389F17EF4D} = {85B0C6AC-125C-4E09-8600-284067BC95DD}
		{A4E9C157-2FBF-4C61-B605-964C9FD23EE8} = {85B0C6AC-125C-4E09-8600-284067BC95DD}
		{182C5C80-30B4-4F80-AF1A-A2690B79EAF2} = {7D189773-7BDB-4E82-B5A8-2B389F17EF4D}
		{AF0F2FCB-2E1E-443E-A48B-9D95EDE28420} = {7D189773-7BDB-4E82-B5A8-2B389F17EF4D}
		{7DF0DF77-73D8-4DAB-A8ED-4ED628EB0AAC} = {7D189773-7BDB-4E82-B5A8-2B389F17EF4D}
	EndGlobalSection
	GlobalSection(ExtensibilityGlobals) = postSolution
		SolutionGuid = {B6609EE5-A53A-41F4-B98D-A162563C948C}
	EndGlobalSection
EndGlobal
